// !$*UTF8*$!
{
	archiveVersion = 1;
	classes = {
	};
	objectVersion = 50;
	objects = {

/* Begin PBXBuildFile section */
		44216242216FF4F3001D8640 /* AppDelegate.m in Sources */ = {isa = PBXBuildFile; fileRef = 44216241216FF4F3001D8640 /* AppDelegate.m */; };
		44216245216FF4F3001D8640 /* BGXDeviceListViewController.m in Sources */ = {isa = PBXBuildFile; fileRef = 44216244216FF4F3001D8640 /* BGXDeviceListViewController.m */; };
		44216248216FF4F3001D8640 /* Main.storyboard in Resources */ = {isa = PBXBuildFile; fileRef = 44216246216FF4F3001D8640 /* Main.storyboard */; };
		4421624A216FF4F4001D8640 /* Assets.xcassets in Resources */ = {isa = PBXBuildFile; fileRef = 44216249216FF4F4001D8640 /* Assets.xcassets */; };
		4421624D216FF4F4001D8640 /* LaunchScreen.storyboard in Resources */ = {isa = PBXBuildFile; fileRef = 4421624B216FF4F4001D8640 /* LaunchScreen.storyboard */; };
		44216250216FF4F4001D8640 /* main.m in Sources */ = {isa = PBXBuildFile; fileRef = 4421624F216FF4F4001D8640 /* main.m */; };
		44216258216FF536001D8640 /* BGXpress.framework in Frameworks */ = {isa = PBXBuildFile; fileRef = 44216257216FF536001D8640 /* BGXpress.framework */; };
		447284DF216FFA9E002C7148 /* BGXDeviceTableViewCell.m in Sources */ = {isa = PBXBuildFile; fileRef = 447284DE216FFA9E002C7148 /* BGXDeviceTableViewCell.m */; };
		447284EA2170F1BC002C7148 /* ColorDot.m in Sources */ = {isa = PBXBuildFile; fileRef = 447284E92170F1BC002C7148 /* ColorDot.m */; };
		447284ED21712B7C002C7148 /* BGXpress.framework in CopyFiles */ = {isa = PBXBuildFile; fileRef = 447284D9216FF683002C7148 /* BGXpress.framework */; settings = {ATTRIBUTES = (CodeSignOnCopy, RemoveHeadersOnCopy, ); }; };
		447284F121717CEE002C7148 /* Test.png in Resources */ = {isa = PBXBuildFile; fileRef = 447284F021717CEE002C7148 /* Test.png */; };
		447284F321717D93002C7148 /* TestDisabled.png in Resources */ = {isa = PBXBuildFile; fileRef = 447284F221717D92002C7148 /* TestDisabled.png */; };
		447284F72174D95B002C7148 /* DeviceDetailsViewController.m in Sources */ = {isa = PBXBuildFile; fileRef = 447284F62174D95B002C7148 /* DeviceDetailsViewController.m */; };
		447284FA2174D99A002C7148 /* AutoScrollTextView.m in Sources */ = {isa = PBXBuildFile; fileRef = 447284F92174D99A002C7148 /* AutoScrollTextView.m */; };
/* End PBXBuildFile section */

/* Begin PBXContainerItemProxy section */
		447284D8216FF683002C7148 /* PBXContainerItemProxy */ = {
			isa = PBXContainerItemProxy;
			containerPortal = 447284D4216FF683002C7148 /* BGXpress.xcodeproj */;
			proxyType = 2;
			remoteGlobalIDString = F4EFC7DB1E44076200D19263;
			remoteInfo = BGXpress;
		};
		447284DA216FF699002C7148 /* PBXContainerItemProxy */ = {
			isa = PBXContainerItemProxy;
			containerPortal = 447284D4216FF683002C7148 /* BGXpress.xcodeproj */;
			proxyType = 1;
			remoteGlobalIDString = F4EFC7DA1E44076200D19263;
			remoteInfo = BGXpress;
		};
/* End PBXContainerItemProxy section */

/* Begin PBXCopyFilesBuildPhase section */
		447284EC21712B70002C7148 /* CopyFiles */ = {
			isa = PBXCopyFilesBuildPhase;
			buildActionMask = 2147483647;
			dstPath = "";
			dstSubfolderSpec = 10;
			files = (
				447284ED21712B7C002C7148 /* BGXpress.framework in CopyFiles */,
			);
			runOnlyForDeploymentPostprocessing = 0;
		};
/* End PBXCopyFilesBuildPhase section */

/* Begin PBXFileReference section */
		4421623D216FF4F3001D8640 /* multiconnect.app */ = {isa = PBXFileReference; explicitFileType = wrapper.application; includeInIndex = 0; path = multiconnect.app; sourceTree = BUILT_PRODUCTS_DIR; };
		44216240216FF4F3001D8640 /* AppDelegate.h */ = {isa = PBXFileReference; lastKnownFileType = sourcecode.c.h; path = AppDelegate.h; sourceTree = "<group>"; };
		44216241216FF4F3001D8640 /* AppDelegate.m */ = {isa = PBXFileReference; lastKnownFileType = sourcecode.c.objc; path = AppDelegate.m; sourceTree = "<group>"; };
		44216243216FF4F3001D8640 /* BGXDeviceListViewController.h */ = {isa = PBXFileReference; lastKnownFileType = sourcecode.c.h; path = BGXDeviceListViewController.h; sourceTree = "<group>"; };
		44216244216FF4F3001D8640 /* BGXDeviceListViewController.m */ = {isa = PBXFileReference; lastKnownFileType = sourcecode.c.objc; path = BGXDeviceListViewController.m; sourceTree = "<group>"; };
		44216247216FF4F3001D8640 /* Base */ = {isa = PBXFileReference; lastKnownFileType = file.storyboard; name = Base; path = Base.lproj/Main.storyboard; sourceTree = "<group>"; };
		44216249216FF4F4001D8640 /* Assets.xcassets */ = {isa = PBXFileReference; lastKnownFileType = folder.assetcatalog; path = Assets.xcassets; sourceTree = "<group>"; };
		4421624C216FF4F4001D8640 /* Base */ = {isa = PBXFileReference; lastKnownFileType = file.storyboard; name = Base; path = Base.lproj/LaunchScreen.storyboard; sourceTree = "<group>"; };
		4421624E216FF4F4001D8640 /* Info.plist */ = {isa = PBXFileReference; lastKnownFileType = text.plist.xml; path = Info.plist; sourceTree = "<group>"; };
		4421624F216FF4F4001D8640 /* main.m */ = {isa = PBXFileReference; lastKnownFileType = sourcecode.c.objc; path = main.m; sourceTree = "<group>"; };
		44216257216FF536001D8640 /* BGXpress.framework */ = {isa = PBXFileReference; explicitFileType = wrapper.framework; path = BGXpress.framework; sourceTree = BUILT_PRODUCTS_DIR; };
		447284D4216FF683002C7148 /* BGXpress.xcodeproj */ = {isa = PBXFileReference; lastKnownFileType = "wrapper.pb-project"; name = BGXpress.xcodeproj; path = ../../BGXpress/BGXpress.xcodeproj; sourceTree = "<group>"; };
		447284DD216FFA9E002C7148 /* BGXDeviceTableViewCell.h */ = {isa = PBXFileReference; lastKnownFileType = sourcecode.c.h; path = BGXDeviceTableViewCell.h; sourceTree = "<group>"; };
		447284DE216FFA9E002C7148 /* BGXDeviceTableViewCell.m */ = {isa = PBXFileReference; lastKnownFileType = sourcecode.c.objc; path = BGXDeviceTableViewCell.m; sourceTree = "<group>"; };
		447284E82170F1BC002C7148 /* ColorDot.h */ = {isa = PBXFileReference; lastKnownFileType = sourcecode.c.h; path = ColorDot.h; sourceTree = "<group>"; };
		447284E92170F1BC002C7148 /* ColorDot.m */ = {isa = PBXFileReference; lastKnownFileType = sourcecode.c.objc; path = ColorDot.m; sourceTree = "<group>"; };
		447284F021717CEE002C7148 /* Test.png */ = {isa = PBXFileReference; lastKnownFileType = image.png; path = Test.png; sourceTree = "<group>"; };
		447284F221717D92002C7148 /* TestDisabled.png */ = {isa = PBXFileReference; lastKnownFileType = image.png; path = TestDisabled.png; sourceTree = "<group>"; };
		447284F52174D95B002C7148 /* DeviceDetailsViewController.h */ = {isa = PBXFileReference; lastKnownFileType = sourcecode.c.h; path = DeviceDetailsViewController.h; sourceTree = "<group>"; };
		447284F62174D95B002C7148 /* DeviceDetailsViewController.m */ = {isa = PBXFileReference; lastKnownFileType = sourcecode.c.objc; path = DeviceDetailsViewController.m; sourceTree = "<group>"; };
		447284F82174D99A002C7148 /* AutoScrollTextView.h */ = {isa = PBXFileReference; fileEncoding = 4; lastKnownFileType = sourcecode.c.h; path = AutoScrollTextView.h; sourceTree = "<group>"; };
		447284F92174D99A002C7148 /* AutoScrollTextView.m */ = {isa = PBXFileReference; fileEncoding = 4; lastKnownFileType = sourcecode.c.objc; path = AutoScrollTextView.m; sourceTree = "<group>"; };
/* End PBXFileReference section */

/* Begin PBXFrameworksBuildPhase section */
		4421623A216FF4F3001D8640 /* Frameworks */ = {
			isa = PBXFrameworksBuildPhase;
			buildActionMask = 2147483647;
			files = (
				44216258216FF536001D8640 /* BGXpress.framework in Frameworks */,
			);
			runOnlyForDeploymentPostprocessing = 0;
		};
/* End PBXFrameworksBuildPhase section */

/* Begin PBXGroup section */
		44216234216FF4F3001D8640 = {
			isa = PBXGroup;
			children = (
				447284D4216FF683002C7148 /* BGXpress.xcodeproj */,
				4421623F216FF4F3001D8640 /* multiconnect */,
				4421623E216FF4F3001D8640 /* Products */,
				44216256216FF536001D8640 /* Frameworks */,
			);
			sourceTree = "<group>";
		};
		4421623E216FF4F3001D8640 /* Products */ = {
			isa = PBXGroup;
			children = (
				4421623D216FF4F3001D8640 /* multiconnect.app */,
			);
			name = Products;
			sourceTree = "<group>";
		};
		4421623F216FF4F3001D8640 /* multiconnect */ = {
			isa = PBXGroup;
			children = (
				447284F82174D99A002C7148 /* AutoScrollTextView.h */,
				447284F92174D99A002C7148 /* AutoScrollTextView.m */,
				44216240216FF4F3001D8640 /* AppDelegate.h */,
				44216241216FF4F3001D8640 /* AppDelegate.m */,
				44216243216FF4F3001D8640 /* BGXDeviceListViewController.h */,
				44216244216FF4F3001D8640 /* BGXDeviceListViewController.m */,
				44216246216FF4F3001D8640 /* Main.storyboard */,
				44216249216FF4F4001D8640 /* Assets.xcassets */,
				4421624B216FF4F4001D8640 /* LaunchScreen.storyboard */,
				4421624E216FF4F4001D8640 /* Info.plist */,
				447284F021717CEE002C7148 /* Test.png */,
				447284F221717D92002C7148 /* TestDisabled.png */,
				4421624F216FF4F4001D8640 /* main.m */,
				447284DD216FFA9E002C7148 /* BGXDeviceTableViewCell.h */,
				447284DE216FFA9E002C7148 /* BGXDeviceTableViewCell.m */,
				447284E82170F1BC002C7148 /* ColorDot.h */,
				447284E92170F1BC002C7148 /* ColorDot.m */,
				447284F52174D95B002C7148 /* DeviceDetailsViewController.h */,
				447284F62174D95B002C7148 /* DeviceDetailsViewController.m */,
			);
			path = multiconnect;
			sourceTree = "<group>";
		};
		44216256216FF536001D8640 /* Frameworks */ = {
			isa = PBXGroup;
			children = (
				44216257216FF536001D8640 /* BGXpress.framework */,
			);
			name = Frameworks;
			sourceTree = "<group>";
		};
		447284D5216FF683002C7148 /* Products */ = {
			isa = PBXGroup;
			children = (
				447284D9216FF683002C7148 /* BGXpress.framework */,
			);
			name = Products;
			sourceTree = "<group>";
		};
/* End PBXGroup section */

/* Begin PBXNativeTarget section */
		4421623C216FF4F3001D8640 /* multiconnect */ = {
			isa = PBXNativeTarget;
			buildConfigurationList = 44216253216FF4F4001D8640 /* Build configuration list for PBXNativeTarget "multiconnect" */;
			buildPhases = (
				44216239216FF4F3001D8640 /* Sources */,
				4421623A216FF4F3001D8640 /* Frameworks */,
				4421623B216FF4F3001D8640 /* Resources */,
				447284EC21712B70002C7148 /* CopyFiles */,
			);
			buildRules = (
			);
			dependencies = (
				447284DB216FF699002C7148 /* PBXTargetDependency */,
			);
			name = multiconnect;
			productName = multiconnect;
			productReference = 4421623D216FF4F3001D8640 /* multiconnect.app */;
			productType = "com.apple.product-type.application";
		};
/* End PBXNativeTarget section */

/* Begin PBXProject section */
		44216235216FF4F3001D8640 /* Project object */ = {
			isa = PBXProject;
			attributes = {
				LastUpgradeCheck = 1000;
				ORGANIZATIONNAME = "Silicon Labs";
				TargetAttributes = {
					4421623C216FF4F3001D8640 = {
						CreatedOnToolsVersion = 10.0;
					};
				};
			};
			buildConfigurationList = 44216238216FF4F3001D8640 /* Build configuration list for PBXProject "multiconnect" */;
			compatibilityVersion = "Xcode 9.3";
			developmentRegion = en;
			hasScannedForEncodings = 0;
			knownRegions = (
				en,
				Base,
			);
			mainGroup = 44216234216FF4F3001D8640;
			productRefGroup = 4421623E216FF4F3001D8640 /* Products */;
			projectDirPath = "";
			projectReferences = (
				{
					ProductGroup = 447284D5216FF683002C7148 /* Products */;
					ProjectRef = 447284D4216FF683002C7148 /* BGXpress.xcodeproj */;
				},
			);
			projectRoot = "";
			targets = (
				4421623C216FF4F3001D8640 /* multiconnect */,
			);
		};
/* End PBXProject section */

/* Begin PBXReferenceProxy section */
		447284D9216FF683002C7148 /* BGXpress.framework */ = {
			isa = PBXReferenceProxy;
			fileType = wrapper.framework;
			path = BGXpress.framework;
			remoteRef = 447284D8216FF683002C7148 /* PBXContainerItemProxy */;
			sourceTree = BUILT_PRODUCTS_DIR;
		};
/* End PBXReferenceProxy section */

/* Begin PBXResourcesBuildPhase section */
		4421623B216FF4F3001D8640 /* Resources */ = {
			isa = PBXResourcesBuildPhase;
			buildActionMask = 2147483647;
			files = (
				447284F321717D93002C7148 /* TestDisabled.png in Resources */,
				4421624D216FF4F4001D8640 /* LaunchScreen.storyboard in Resources */,
				4421624A216FF4F4001D8640 /* Assets.xcassets in Resources */,
				44216248216FF4F3001D8640 /* Main.storyboard in Resources */,
				447284F121717CEE002C7148 /* Test.png in Resources */,
			);
			runOnlyForDeploymentPostprocessing = 0;
		};
/* End PBXResourcesBuildPhase section */

/* Begin PBXSourcesBuildPhase section */
		44216239216FF4F3001D8640 /* Sources */ = {
			isa = PBXSourcesBuildPhase;
			buildActionMask = 2147483647;
			files = (
				447284EA2170F1BC002C7148 /* ColorDot.m in Sources */,
				447284FA2174D99A002C7148 /* AutoScrollTextView.m in Sources */,
				447284F72174D95B002C7148 /* DeviceDetailsViewController.m in Sources */,
				44216245216FF4F3001D8640 /* BGXDeviceListViewController.m in Sources */,
				44216250216FF4F4001D8640 /* main.m in Sources */,
				44216242216FF4F3001D8640 /* AppDelegate.m in Sources */,
				447284DF216FFA9E002C7148 /* BGXDeviceTableViewCell.m in Sources */,
			);
			runOnlyForDeploymentPostprocessing = 0;
		};
/* End PBXSourcesBuildPhase section */

/* Begin PBXTargetDependency section */
		447284DB216FF699002C7148 /* PBXTargetDependency */ = {
			isa = PBXTargetDependency;
			name = BGXpress;
			targetProxy = 447284DA216FF699002C7148 /* PBXContainerItemProxy */;
		};
/* End PBXTargetDependency section */

/* Begin PBXVariantGroup section */
		44216246216FF4F3001D8640 /* Main.storyboard */ = {
			isa = PBXVariantGroup;
			children = (
				44216247216FF4F3001D8640 /* Base */,
			);
			name = Main.storyboard;
			sourceTree = "<group>";
		};
		4421624B216FF4F4001D8640 /* LaunchScreen.storyboard */ = {
			isa = PBXVariantGroup;
			children = (
				4421624C216FF4F4001D8640 /* Base */,
			);
			name = LaunchScreen.storyboard;
			sourceTree = "<group>";
		};
/* End PBXVariantGroup section */

/* Begin XCBuildConfiguration section */
		44216251216FF4F4001D8640 /* Debug */ = {
			isa = XCBuildConfiguration;
			buildSettings = {
				ALWAYS_SEARCH_USER_PATHS = NO;
				CLANG_ANALYZER_NONNULL = YES;
				CLANG_ANALYZER_NUMBER_OBJECT_CONVERSION = YES_AGGRESSIVE;
				CLANG_CXX_LANGUAGE_STANDARD = "gnu++14";
				CLANG_CXX_LIBRARY = "libc++";
				CLANG_ENABLE_MODULES = YES;
				CLANG_ENABLE_OBJC_ARC = YES;
				CLANG_ENABLE_OBJC_WEAK = YES;
				CLANG_WARN_BLOCK_CAPTURE_AUTORELEASING = YES;
				CLANG_WARN_BOOL_CONVERSION = YES;
				CLANG_WARN_COMMA = YES;
				CLANG_WARN_CONSTANT_CONVERSION = YES;
				CLANG_WARN_DEPRECATED_OBJC_IMPLEMENTATIONS = YES;
				CLANG_WARN_DIRECT_OBJC_ISA_USAGE = YES_ERROR;
				CLANG_WARN_DOCUMENTATION_COMMENTS = YES;
				CLANG_WARN_EMPTY_BODY = YES;
				CLANG_WARN_ENUM_CONVERSION = YES;
				CLANG_WARN_INFINITE_RECURSION = YES;
				CLANG_WARN_INT_CONVERSION = YES;
				CLANG_WARN_NON_LITERAL_NULL_CONVERSION = YES;
				CLANG_WARN_OBJC_IMPLICIT_RETAIN_SELF = YES;
				CLANG_WARN_OBJC_LITERAL_CONVERSION = YES;
				CLANG_WARN_OBJC_ROOT_CLASS = YES_ERROR;
				CLANG_WARN_RANGE_LOOP_ANALYSIS = YES;
				CLANG_WARN_STRICT_PROTOTYPES = YES;
				CLANG_WARN_SUSPICIOUS_MOVE = YES;
				CLANG_WARN_UNGUARDED_AVAILABILITY = YES_AGGRESSIVE;
				CLANG_WARN_UNREACHABLE_CODE = YES;
				CLANG_WARN__DUPLICATE_METHOD_MATCH = YES;
				CODE_SIGN_IDENTITY = "iPhone Developer";
				COPY_PHASE_STRIP = NO;
				DEBUG_INFORMATION_FORMAT = dwarf;
				ENABLE_STRICT_OBJC_MSGSEND = YES;
				ENABLE_TESTABILITY = YES;
				GCC_C_LANGUAGE_STANDARD = gnu11;
				GCC_DYNAMIC_NO_PIC = NO;
				GCC_NO_COMMON_BLOCKS = YES;
				GCC_OPTIMIZATION_LEVEL = 0;
				GCC_PREPROCESSOR_DEFINITIONS = (
					"DEBUG=1",
					"$(inherited)",
				);
				GCC_WARN_64_TO_32_BIT_CONVERSION = YES;
				GCC_WARN_ABOUT_RETURN_TYPE = YES_ERROR;
				GCC_WARN_UNDECLARED_SELECTOR = YES;
				GCC_WARN_UNINITIALIZED_AUTOS = YES_AGGRESSIVE;
				GCC_WARN_UNUSED_FUNCTION = YES;
				GCC_WARN_UNUSED_VARIABLE = YES;
				IPHONEOS_DEPLOYMENT_TARGET = 12.0;
				MTL_ENABLE_DEBUG_INFO = INCLUDE_SOURCE;
				MTL_FAST_MATH = YES;
				ONLY_ACTIVE_ARCH = YES;
				SDKROOT = iphoneos;
			};
			name = Debug;
		};
		44216252216FF4F4001D8640 /* Release */ = {
			isa = XCBuildConfiguration;
			buildSettings = {
				ALWAYS_SEARCH_USER_PATHS = NO;
				CLANG_ANALYZER_NONNULL = YES;
				CLANG_ANALYZER_NUMBER_OBJECT_CONVERSION = YES_AGGRESSIVE;
				CLANG_CXX_LANGUAGE_STANDARD = "gnu++14";
				CLANG_CXX_LIBRARY = "libc++";
				CLANG_ENABLE_MODULES = YES;
				CLANG_ENABLE_OBJC_ARC = YES;
				CLANG_ENABLE_OBJC_WEAK = YES;
				CLANG_WARN_BLOCK_CAPTURE_AUTORELEASING = YES;
				CLANG_WARN_BOOL_CONVERSION = YES;
				CLANG_WARN_COMMA = YES;
				CLANG_WARN_CONSTANT_CONVERSION = YES;
				CLANG_WARN_DEPRECATED_OBJC_IMPLEMENTATIONS = YES;
				CLANG_WARN_DIRECT_OBJC_ISA_USAGE = YES_ERROR;
				CLANG_WARN_DOCUMENTATION_COMMENTS = YES;
				CLANG_WARN_EMPTY_BODY = YES;
				CLANG_WARN_ENUM_CONVERSION = YES;
				CLANG_WARN_INFINITE_RECURSION = YES;
				CLANG_WARN_INT_CONVERSION = YES;
				CLANG_WARN_NON_LITERAL_NULL_CONVERSION = YES;
				CLANG_WARN_OBJC_IMPLICIT_RETAIN_SELF = YES;
				CLANG_WARN_OBJC_LITERAL_CONVERSION = YES;
				CLANG_WARN_OBJC_ROOT_CLASS = YES_ERROR;
				CLANG_WARN_RANGE_LOOP_ANALYSIS = YES;
				CLANG_WARN_STRICT_PROTOTYPES = YES;
				CLANG_WARN_SUSPICIOUS_MOVE = YES;
				CLANG_WARN_UNGUARDED_AVAILABILITY = YES_AGGRESSIVE;
				CLANG_WARN_UNREACHABLE_CODE = YES;
				CLANG_WARN__DUPLICATE_METHOD_MATCH = YES;
				CODE_SIGN_IDENTITY = "iPhone Developer";
				COPY_PHASE_STRIP = NO;
				DEBUG_INFORMATION_FORMAT = "dwarf-with-dsym";
				ENABLE_NS_ASSERTIONS = NO;
				ENABLE_STRICT_OBJC_MSGSEND = YES;
				GCC_C_LANGUAGE_STANDARD = gnu11;
				GCC_NO_COMMON_BLOCKS = YES;
				GCC_WARN_64_TO_32_BIT_CONVERSION = YES;
				GCC_WARN_ABOUT_RETURN_TYPE = YES_ERROR;
				GCC_WARN_UNDECLARED_SELECTOR = YES;
				GCC_WARN_UNINITIALIZED_AUTOS = YES_AGGRESSIVE;
				GCC_WARN_UNUSED_FUNCTION = YES;
				GCC_WARN_UNUSED_VARIABLE = YES;
				IPHONEOS_DEPLOYMENT_TARGET = 12.0;
				MTL_ENABLE_DEBUG_INFO = NO;
				MTL_FAST_MATH = YES;
				SDKROOT = iphoneos;
				VALIDATE_PRODUCT = YES;
			};
			name = Release;
		};
		44216254216FF4F4001D8640 /* Debug */ = {
			isa = XCBuildConfiguration;
			buildSettings = {
				ASSETCATALOG_COMPILER_APPICON_NAME = AppIcon;
				CODE_SIGN_STYLE = Automatic;
				DEVELOPMENT_TEAM = 52444FG85C;
				INFOPLIST_FILE = multiconnect/Info.plist;
				LD_RUNPATH_SEARCH_PATHS = (
					"$(inherited)",
					"@executable_path/Frameworks",
				);
				PRODUCT_BUNDLE_IDENTIFIER = com.silabs.multiconnect;
				PRODUCT_NAME = "$(TARGET_NAME)";
				TARGETED_DEVICE_FAMILY = "1,2";
			};
			name = Debug;
		};
		44216255216FF4F4001D8640 /* Release */ = {
			isa = XCBuildConfiguration;
			buildSettings = {
				ASSETCATALOG_COMPILER_APPICON_NAME = AppIcon;
				CODE_SIGN_STYLE = Automatic;
				DEVELOPMENT_TEAM = 52444FG85C;
				INFOPLIST_FILE = multiconnect/Info.plist;
				LD_RUNPATH_SEARCH_PATHS = (
					"$(inherited)",
					"@executable_path/Frameworks",
				);
				PRODUCT_BUNDLE_IDENTIFIER = com.silabs.multiconnect;
				PRODUCT_NAME = "$(TARGET_NAME)";
				TARGETED_DEVICE_FAMILY = "1,2";
			};
			name = Release;
		};
/* End XCBuildConfiguration section */

/* Begin XCConfigurationList section */
		44216238216FF4F3001D8640 /* Build configuration list for PBXProject "multiconnect" */ = {
			isa = XCConfigurationList;
			buildConfigurations = (
				44216251216FF4F4001D8640 /* Debug */,
				44216252216FF4F4001D8640 /* Release */,
			);
			defaultConfigurationIsVisible = 0;
			defaultConfigurationName = Release;
		};
		44216253216FF4F4001D8640 /* Build configuration list for PBXNativeTarget "multiconnect" */ = {
			isa = XCConfigurationList;
			buildConfigurations = (
				44216254216FF4F4001D8640 /* Debug */,
				44216255216FF4F4001D8640 /* Release */,
			);
			defaultConfigurationIsVisible = 0;
			defaultConfigurationName = Release;
		};
/* End XCConfigurationList section */
	};
	rootObject = 44216235216FF4F3001D8640 /* Project object */;
}
